
Microsoft Visual Studio Solution File, Format Version 12.00
# Visual Studio Version 16
VisualStudioVersion = 16.0.29403.142
MinimumVisualStudioVersion = 10.0.40219.1
Project("{8BC9CEB8-8B4A-11D0-8D11-00A0C91BC942}") = "Project1", "Code_repo.vcxproj", "{4D1F21A9-F2A3-4AFA-A25D-9B295B79882C}"
EndProject
Project("{8BC9CEB8-8B4A-11D0-8D11-00A0C91BC942}") = "Project2", "..\Project1\Project1.vcxproj", "{EA3D14F4-AE46-4346-B40E-B7D12A844DFB}"
EndProject
Global
	GlobalSection(SolutionConfigurationPlatforms) = preSolution
		Debug|x64 = Debug|x64
		Debug|x86 = Debug|x86
		Release|x64 = Release|x64
		Release|x86 = Release|x86
	EndGlobalSection
	GlobalSection(ProjectConfigurationPlatforms) = postSolution
		{4D1F21A9-F2A3-4AFA-A25D-9B295B79882C}.Debug|x64.ActiveCfg = Debug|x64
		{4D1F21A9-F2A3-4AFA-A25D-9B295B79882C}.Debug|x64.Build.0 = Debug|x64
		{4D1F21A9-F2A3-4AFA-A25D-9B295B79882C}.Debug|x86.ActiveCfg = Debug|Win32
		{4D1F21A9-F2A3-4AFA-A25D-9B295B79882C}.Debug|x86.Build.0 = Debug|Win32
		{4D1F21A9-F2A3-4AFA-A25D-9B295B79882C}.Release|x64.ActiveCfg = Release|x64
		{4D1F21A9-F2A3-4AFA-A25D-9B295B79882C}.Release|x64.Build.0 = Release|x64
		{4D1F21A9-F2A3-4AFA-A25D-9B295B79882C}.Release|x86.ActiveCfg = Release|Win32
		{4D1F21A9-F2A3-4AFA-A25D-9B295B79882C}.Release|x86.Build.0 = Release|Win32
		{EA3D14F4-AE46-4346-B40E-B7D12A844DFB}.Debug|x64.ActiveCfg = Debug|x64
		{EA3D14F4-AE46-4346-B40E-B7D12A844DFB}.Debug|x64.Build.0 = Debug|x64
		{EA3D14F4-AE46-4346-B40E-B7D12A844DFB}.Debug|x86.ActiveCfg = Debug|Win32
		{EA3D14F4-AE46-4346-B40E-B7D12A844DFB}.Debug|x86.Build.0 = Debug|Win32
		{EA3D14F4-AE46-4346-B40E-B7D12A844DFB}.Release|x64.ActiveCfg = Release|x64
		{EA3D14F4-AE46-4346-B40E-B7D12A844DFB}.Release|x64.Build.0 = Release|x64
		{EA3D14F4-AE46-4346-B40E-B7D12A844DFB}.Release|x86.ActiveCfg = Release|Win32
		{EA3D14F4-AE46-4346-B40E-B7D12A844DFB}.Release|x86.Build.0 = Release|Win32
	EndGlobalSection
	GlobalSection(SolutionProperties) = preSolution
		HideSolutionNode = FALSE
	EndGlobalSection
	GlobalSection(ExtensibilityGlobals) = postSolution
		SolutionGuid = {AA0D8787-4793-4D0D-B2EC-84FD490F11D0}
	EndGlobalSection
EndGlobal
